
Microsoft Visual Studio Solution File, Format Version 12.00
# Visual Studio Version 17
VisualStudioVersion = 17.14.36915.13 d17.14
MinimumVisualStudioVersion = 10.0.40219.1
Project("{FAE04EC0-301F-11D3-BF4B-00C04F79EFBC}") = "TestTaskLKDS", "TestTaskLKDS\TestTaskLKDS.csproj", "{0C6132B0-D99B-46E6-9D00-FD2515340767}"
EndProject
Global
	GlobalSection(SolutionConfigurationPlatforms) = preSolution
		Debug|Any CPU = Debug|Any CPU
		Release|Any CPU = Release|Any CPU
	EndGlobalSection
	GlobalSection(ProjectConfigurationPlatforms) = postSolution
		{0C6132B0-D99B-46E6-9D00-FD2515340767}.Debug|Any CPU.ActiveCfg = Debug|Any CPU
		{0C6132B0-D99B-46E6-9D00-FD2515340767}.Debug|Any CPU.Build.0 = Debug|Any CPU
		{0C6132B0-D99B-46E6-9D00-FD2515340767}.Release|Any CPU.ActiveCfg = Release|Any CPU
		{0C6132B0-D99B-46E6-9D00-FD2515340767}.Release|Any CPU.Build.0 = Release|Any CPU
	EndGlobalSection
	GlobalSection(SolutionProperties) = preSolution
		HideSolutionNode = FALSE
	EndGlobalSection
	GlobalSection(ExtensibilityGlobals) = postSolution
		SolutionGuid = {ECB1569F-9D5F-4804-B0EF-3C3F73028FDB}
	EndGlobalSection
EndGlobal
